{
  "version": 4,
  "terraform_version": "1.6.4",
  "serial": 61,
  "lineage": "f9a457d3-667c-3f71-acd1-3f93ef7ebefb",
  "outputs": {},
  "resources": [
    {
      "mode": "data",
      "type": "archive_file",
      "name": "zip_the_python_code",
      "provider": "provider[\"registry.terraform.io/hashicorp/archive\"]",
      "instances": [
        {
          "schema_version": 0,
          "attributes": {
            "exclude_symlink_directories": null,
            "excludes": null,
            "id": "f4a5914bc101bdb1418d7da45bb09c10b9a732c1",
            "output_base64sha256": "4gpqU/N3LZrrzhPC1W5PnahI1RJE6kdnaBLRnqu1RNU=",
            "output_base64sha512": "vm/Di3u/d7u32ikMN+8zJGBM7scmtZgU0lg33xYWKKEk/A/FasMjHT89zHtNlAW3skHzI0SYklyzBtmuYJ52WQ==",
            "output_file_mode": null,
            "output_md5": "aa0a0742bf5a44ac4519f41051bd13ab",
            "output_path": "./python/lambda.zip",
            "output_sha": "f4a5914bc101bdb1418d7da45bb09c10b9a732c1",
            "output_sha256": "e20a6a53f3772d9aebce13c2d56e4f9da848d51244ea47676812d19eabb544d5",
            "output_sha512": "be6fc38b7bbf77bbb7da290c37ef3324604ceec726b59814d25837df161628a124fc0fc56ac3231d3f3dcc7b4d9405b7b241f3234498925cb306d9ae609e7659",
            "output_size": 738,
            "source": [],
            "source_content": null,
            "source_content_filename": null,
            "source_dir": "./python/",
            "source_file": null,
            "type": "zip"
          },
          "sensitive_attributes": []
        }
      ]
    },
    {
      "mode": "managed",
      "type": "aws_cloudwatch_event_rule",
      "name": "lambda_schedule",
      "provider": "provider[\"registry.terraform.io/hashicorp/aws\"]",
      "instances": [
        {
          "schema_version": 0,
          "attributes": {
            "arn": "arn:aws:events:ap-south-1:711106433501:rule/lambda_schedule",
            "description": "",
            "event_bus_name": "default",
            "event_pattern": "{\"detail\":{\"eventName\":[\"PutObject\",\"DeleteObject\"],\"eventSource\":[\"s3.amazonaws.com\"],\"requestParameters\":{\"bucketName\":[\"cca-pbl\"]}},\"source\":[\"aws.s3\"]}",
            "id": "lambda_schedule",
            "is_enabled": true,
            "name": "lambda_schedule",
            "name_prefix": "",
            "role_arn": "",
            "schedule_expression": "rate(10 minutes)",
            "tags": {},
            "tags_all": {}
          },
          "sensitive_attributes": [],
          "private": "bnVsbA==",
          "dependencies": [
            "module.s3_source_bucket.aws_s3_bucket.source_bucket"
          ]
        }
      ]
    },
    {
      "mode": "managed",
      "type": "aws_cloudwatch_event_target",
      "name": "lambda_target",
      "provider": "provider[\"registry.terraform.io/hashicorp/aws\"]",
      "instances": [
        {
          "schema_version": 1,
          "attributes": {
            "arn": "arn:aws:lambda:ap-south-1:711106433501:function:interval_backup",
            "batch_target": [],
            "dead_letter_config": [],
            "ecs_target": [],
            "event_bus_name": "default",
            "http_target": [],
            "id": "lambda_schedule-lambda_target",
            "input": "",
            "input_path": "",
            "input_transformer": [],
            "kinesis_target": [],
            "redshift_target": [],
            "retry_policy": [],
            "role_arn": "",
            "rule": "lambda_schedule",
            "run_command_targets": [],
            "sqs_target": [],
            "target_id": "lambda_target"
          },
          "sensitive_attributes": [],
          "private": "eyJzY2hlbWFfdmVyc2lvbiI6IjEifQ==",
          "dependencies": [
            "aws_cloudwatch_event_rule.lambda_schedule",
            "aws_iam_role.lambda_execution_role",
            "aws_lambda_function.backup_function",
            "module.s3_backup_bucket.aws_s3_bucket.backup_bucket",
            "module.s3_source_bucket.aws_s3_bucket.source_bucket"
          ]
        }
      ]
    },
    {
      "mode": "managed",
      "type": "aws_iam_policy",
      "name": "iam_policy_for_lambda",
      "provider": "provider[\"registry.terraform.io/hashicorp/aws\"]",
      "instances": [
        {
          "schema_version": 0,
          "attributes": {
            "arn": "arn:aws:iam::711106433501:policy/aws_iam_policy_for_terraform_aws_lambda_role",
            "description": "IAM policy for the Lambda function",
            "id": "arn:aws:iam::711106433501:policy/aws_iam_policy_for_terraform_aws_lambda_role",
            "name": "aws_iam_policy_for_terraform_aws_lambda_role",
            "name_prefix": "",
            "path": "/",
            "policy": "{\"Statement\":[{\"Action\":[\"s3:GetObject\",\"s3:PutObject\",\"s3:ListBucket\",\"s3:DeleteObject\"],\"Effect\":\"Allow\",\"Resource\":[\"arn:aws:s3:::cca-pbl\",\"arn:aws:s3:::cca-pbl/*\",\"arn:aws:s3:::cca-pbl-backup\",\"arn:aws:s3:::cca-pbl-backup/*\"]}],\"Version\":\"2012-10-17\"}",
            "policy_id": "ANPA2LEJ7CHOQMH35NX43",
            "tags": {},
            "tags_all": {}
          },
          "sensitive_attributes": [],
          "private": "bnVsbA==",
          "dependencies": [
            "module.s3_backup_bucket.aws_s3_bucket.backup_bucket",
            "module.s3_source_bucket.aws_s3_bucket.source_bucket"
          ]
        }
      ]
    },
    {
      "mode": "managed",
      "type": "aws_iam_role",
      "name": "lambda_execution_role",
      "provider": "provider[\"registry.terraform.io/hashicorp/aws\"]",
      "instances": [
        {
          "schema_version": 0,
          "attributes": {
            "arn": "arn:aws:iam::711106433501:role/terraform_aws_lambda_role",
            "assume_role_policy": "{\"Statement\":[{\"Action\":\"sts:AssumeRole\",\"Effect\":\"Allow\",\"Principal\":{\"Service\":\"lambda.amazonaws.com\"}}],\"Version\":\"2012-10-17\"}",
            "create_date": "2023-11-17T06:44:08Z",
            "description": "",
            "force_detach_policies": false,
            "id": "terraform_aws_lambda_role",
            "inline_policy": [],
            "managed_policy_arns": [
              "arn:aws:iam::aws:policy/AmazonS3FullAccess",
              "arn:aws:iam::aws:policy/service-role/AWSLambdaBasicExecutionRole"
            ],
            "max_session_duration": 3600,
            "name": "terraform_aws_lambda_role",
            "name_prefix": "",
            "path": "/",
            "permissions_boundary": null,
            "role_last_used": [
              {
                "last_used_date": "2023-11-17T07:27:04Z",
                "region": "ap-south-1"
              }
            ],
            "tags": {},
            "tags_all": {},
            "unique_id": "AROA2LEJ7CHO5H6O27UVS"
          },
          "sensitive_attributes": [],
          "private": "bnVsbA=="
        }
      ]
    },
    {
      "mode": "managed",
      "type": "aws_lambda_function",
      "name": "backup_function",
      "provider": "provider[\"registry.terraform.io/hashicorp/aws\"]",
      "instances": [
        {
          "schema_version": 0,
          "attributes": {
            "architectures": [
              "x86_64"
            ],
            "arn": "arn:aws:lambda:ap-south-1:711106433501:function:interval_backup",
            "code_signing_config_arn": "",
            "dead_letter_config": [],
            "description": "",
            "environment": [
              {
                "variables": {
                  "BACKUP_BUCKET": "cca-pbl-backup",
                  "SOURCE_BUCKET": "cca-pbl"
                }
              }
            ],
            "ephemeral_storage": [
              {
                "size": 512
              }
            ],
            "file_system_config": [],
            "filename": "./python/lambda.zip",
            "function_name": "interval_backup",
            "handler": "lambda.lambda_handler",
            "id": "interval_backup",
            "image_config": [],
            "image_uri": "",
            "invoke_arn": "arn:aws:apigateway:ap-south-1:lambda:path/2015-03-31/functions/arn:aws:lambda:ap-south-1:711106433501:function:interval_backup/invocations",
            "kms_key_arn": "",
            "last_modified": "2023-11-17T09:06:43.693+0000",
            "layers": null,
            "memory_size": 128,
            "package_type": "Zip",
            "publish": false,
            "qualified_arn": "arn:aws:lambda:ap-south-1:711106433501:function:interval_backup:$LATEST",
            "qualified_invoke_arn": "arn:aws:apigateway:ap-south-1:lambda:path/2015-03-31/functions/arn:aws:lambda:ap-south-1:711106433501:function:interval_backup:$LATEST/invocations",
            "replace_security_groups_on_destroy": null,
            "replacement_security_group_ids": null,
            "reserved_concurrent_executions": -1,
            "role": "arn:aws:iam::711106433501:role/terraform_aws_lambda_role",
            "runtime": "python3.8",
            "s3_bucket": null,
            "s3_key": null,
            "s3_object_version": null,
            "signing_job_arn": "",
            "signing_profile_version_arn": "",
            "skip_destroy": false,
            "snap_start": [],
            "source_code_hash": "4gpqU/N3LZrrzhPC1W5PnahI1RJE6kdnaBLRnqu1RNU=",
            "source_code_size": 738,
            "tags": null,
            "tags_all": {},
            "timeout": 3,
            "timeouts": null,
            "tracing_config": [
              {
                "mode": "PassThrough"
              }
            ],
            "version": "$LATEST",
            "vpc_config": []
          },
          "sensitive_attributes": [],
          "private": "eyJlMmJmYjczMC1lY2FhLTExZTYtOGY4OC0zNDM2M2JjN2M0YzAiOnsiY3JlYXRlIjo2MDAwMDAwMDAwMDAsImRlbGV0ZSI6NjAwMDAwMDAwMDAwLCJ1cGRhdGUiOjYwMDAwMDAwMDAwMH19",
          "dependencies": [
            "aws_iam_role.lambda_execution_role",
            "module.s3_backup_bucket.aws_s3_bucket.backup_bucket",
            "module.s3_source_bucket.aws_s3_bucket.source_bucket"
          ]
        }
      ]
    },
    {
      "mode": "managed",
      "type": "aws_lambda_permission",
      "name": "allow_s3",
      "provider": "provider[\"registry.terraform.io/hashicorp/aws\"]",
      "instances": [
        {
          "schema_version": 0,
          "attributes": {
            "action": "lambda:InvokeFunction",
            "event_source_token": null,
            "function_name": "interval_backup",
            "function_url_auth_type": null,
            "id": "AllowExecutionFromS3",
            "principal": "s3.amazonaws.com",
            "principal_org_id": null,
            "qualifier": "",
            "source_account": null,
            "source_arn": "arn:aws:s3:::cca-pbl",
            "statement_id": "AllowExecutionFromS3",
            "statement_id_prefix": ""
          },
          "sensitive_attributes": [],
          "private": "bnVsbA==",
          "dependencies": [
            "aws_iam_role.lambda_execution_role",
            "aws_lambda_function.backup_function",
            "module.s3_backup_bucket.aws_s3_bucket.backup_bucket",
            "module.s3_source_bucket.aws_s3_bucket.source_bucket"
          ]
        }
      ]
    },
    {
      "module": "module.s3_backup_bucket",
      "mode": "managed",
      "type": "aws_s3_bucket",
      "name": "backup_bucket",
      "provider": "module.s3_backup_bucket.provider[\"registry.terraform.io/hashicorp/aws\"]",
      "instances": [
        {
          "schema_version": 0,
          "attributes": {
            "acceleration_status": "",
            "acl": null,
            "arn": "arn:aws:s3:::cca-pbl-backup",
            "bucket": "cca-pbl-backup",
            "bucket_domain_name": "cca-pbl-backup.s3.amazonaws.com",
            "bucket_prefix": "",
            "bucket_regional_domain_name": "cca-pbl-backup.s3.ap-south-1.amazonaws.com",
            "cors_rule": [],
            "force_destroy": false,
            "grant": [
              {
                "id": "1513ed4d2a11053df931fae4d55f23976c4dd80d4747e699ea689fac5f0be2f5",
                "permissions": [
                  "FULL_CONTROL"
                ],
                "type": "CanonicalUser",
                "uri": ""
              }
            ],
            "hosted_zone_id": "Z11RGJOFQNVJUP",
            "id": "cca-pbl-backup",
            "lifecycle_rule": [],
            "logging": [],
            "object_lock_configuration": [],
            "object_lock_enabled": false,
            "policy": "{\"Statement\":[{\"Action\":[\"s3:PutObject\",\"s3:*\"],\"Effect\":\"Allow\",\"Principal\":\"*\",\"Resource\":\"arn:aws:s3:::cca-pbl-backup/*\",\"Sid\":\"Statement1\"}],\"Version\":\"2012-10-17\"}",
            "region": "ap-south-1",
            "replication_configuration": [],
            "request_payer": "BucketOwner",
            "server_side_encryption_configuration": [
              {
                "rule": [
                  {
                    "apply_server_side_encryption_by_default": [
                      {
                        "kms_master_key_id": "",
                        "sse_algorithm": "AES256"
                      }
                    ],
                    "bucket_key_enabled": false
                  }
                ]
              }
            ],
            "tags": {},
            "tags_all": {},
            "timeouts": null,
            "versioning": [
              {
                "enabled": false,
                "mfa_delete": false
              }
            ],
            "website": [],
            "website_domain": null,
            "website_endpoint": null
          },
          "sensitive_attributes": [],
          "private": "eyJlMmJmYjczMC1lY2FhLTExZTYtOGY4OC0zNDM2M2JjN2M0YzAiOnsiY3JlYXRlIjoxMjAwMDAwMDAwMDAwLCJkZWxldGUiOjM2MDAwMDAwMDAwMDAsInJlYWQiOjEyMDAwMDAwMDAwMDAsInVwZGF0ZSI6MTIwMDAwMDAwMDAwMH19"
        }
      ]
    },
    {
      "module": "module.s3_backup_bucket",
      "mode": "managed",
      "type": "aws_s3_bucket_policy",
      "name": "hosting_bucket_policy",
      "provider": "module.s3_backup_bucket.provider[\"registry.terraform.io/hashicorp/aws\"]",
      "instances": [
        {
          "schema_version": 0,
          "attributes": {
            "bucket": "cca-pbl-backup",
            "id": "cca-pbl-backup",
            "policy": "{\"Statement\":[{\"Action\":\"s3:GetObject\",\"Effect\":\"Allow\",\"Principal\":\"*\",\"Resource\":\"arn:aws:s3:::cca-pbl-backup/*\"}],\"Version\":\"2012-10-17\"}"
          },
          "sensitive_attributes": [],
          "private": "bnVsbA==",
          "dependencies": [
            "module.s3_backup_bucket.aws_s3_bucket.backup_bucket"
          ]
        }
      ]
    },
    {
      "module": "module.s3_source_bucket",
      "mode": "managed",
      "type": "aws_s3_bucket",
      "name": "source_bucket",
      "provider": "module.s3_source_bucket.provider[\"registry.terraform.io/hashicorp/aws\"]",
      "instances": [
        {
          "schema_version": 0,
          "attributes": {
            "acceleration_status": "",
            "acl": null,
            "arn": "arn:aws:s3:::cca-pbl",
            "bucket": "cca-pbl",
            "bucket_domain_name": "cca-pbl.s3.amazonaws.com",
            "bucket_prefix": "",
            "bucket_regional_domain_name": "cca-pbl.s3.ap-south-1.amazonaws.com",
            "cors_rule": [],
            "force_destroy": false,
            "grant": [
              {
                "id": "1513ed4d2a11053df931fae4d55f23976c4dd80d4747e699ea689fac5f0be2f5",
                "permissions": [
                  "FULL_CONTROL"
                ],
                "type": "CanonicalUser",
                "uri": ""
              }
            ],
            "hosted_zone_id": "Z11RGJOFQNVJUP",
            "id": "cca-pbl",
            "lifecycle_rule": [],
            "logging": [],
            "object_lock_configuration": [],
            "object_lock_enabled": false,
            "policy": "{\"Statement\":[{\"Action\":\"s3:GetObject\",\"Effect\":\"Allow\",\"Principal\":\"*\",\"Resource\":\"arn:aws:s3:::cca-pbl/*\"}],\"Version\":\"2012-10-17\"}",
            "region": "ap-south-1",
            "replication_configuration": [],
            "request_payer": "BucketOwner",
            "server_side_encryption_configuration": [
              {
                "rule": [
                  {
                    "apply_server_side_encryption_by_default": [
                      {
                        "kms_master_key_id": "",
                        "sse_algorithm": "AES256"
                      }
                    ],
                    "bucket_key_enabled": false
                  }
                ]
              }
            ],
            "tags": {},
            "tags_all": {},
            "timeouts": null,
            "versioning": [
              {
                "enabled": false,
                "mfa_delete": false
              }
            ],
            "website": [
              {
                "error_document": "",
                "index_document": "index.html",
                "redirect_all_requests_to": "",
                "routing_rules": ""
              }
            ],
            "website_domain": "s3-website.ap-south-1.amazonaws.com",
            "website_endpoint": "cca-pbl.s3-website.ap-south-1.amazonaws.com"
          },
          "sensitive_attributes": [],
          "private": "eyJlMmJmYjczMC1lY2FhLTExZTYtOGY4OC0zNDM2M2JjN2M0YzAiOnsiY3JlYXRlIjoxMjAwMDAwMDAwMDAwLCJkZWxldGUiOjM2MDAwMDAwMDAwMDAsInJlYWQiOjEyMDAwMDAwMDAwMDAsInVwZGF0ZSI6MTIwMDAwMDAwMDAwMH19"
        }
      ]
    },
    {
      "module": "module.s3_source_bucket",
      "mode": "managed",
      "type": "aws_s3_bucket_policy",
      "name": "hosting_bucket_policy",
      "provider": "module.s3_source_bucket.provider[\"registry.terraform.io/hashicorp/aws\"]",
      "instances": [
        {
          "schema_version": 0,
          "attributes": {
            "bucket": "cca-pbl",
            "id": "cca-pbl",
            "policy": "{\"Statement\":[{\"Action\":\"s3:GetObject\",\"Effect\":\"Allow\",\"Principal\":\"*\",\"Resource\":\"arn:aws:s3:::cca-pbl/*\"}],\"Version\":\"2012-10-17\"}"
          },
          "sensitive_attributes": [],
          "private": "bnVsbA==",
          "dependencies": [
            "module.s3_source_bucket.aws_s3_bucket.source_bucket"
          ]
        }
      ]
    },
    {
      "module": "module.s3_source_bucket",
      "mode": "managed",
      "type": "aws_s3_bucket_versioning",
      "name": "source_bucket_versioning",
      "provider": "module.s3_source_bucket.provider[\"registry.terraform.io/hashicorp/aws\"]",
      "instances": [
        {
          "schema_version": 0,
          "attributes": {
            "bucket": "cca-pbl",
            "expected_bucket_owner": "",
            "id": "cca-pbl",
            "mfa": null,
            "versioning_configuration": [
              {
                "mfa_delete": "",
                "status": "Disabled"
              }
            ]
          },
          "sensitive_attributes": [],
          "private": "bnVsbA==",
          "dependencies": [
            "module.s3_source_bucket.aws_s3_bucket.source_bucket"
          ]
        }
      ]
    },
    {
      "module": "module.s3_source_bucket",
      "mode": "managed",
      "type": "aws_s3_bucket_website_configuration",
      "name": "source_bucket_website_config",
      "provider": "module.s3_source_bucket.provider[\"registry.terraform.io/hashicorp/aws\"]",
      "instances": [
        {
          "schema_version": 0,
          "attributes": {
            "bucket": "cca-pbl",
            "error_document": [],
            "expected_bucket_owner": "",
            "id": "cca-pbl",
            "index_document": [
              {
                "suffix": "index.html"
              }
            ],
            "redirect_all_requests_to": [],
            "routing_rule": [],
            "routing_rules": "",
            "website_domain": "s3-website.ap-south-1.amazonaws.com",
            "website_endpoint": "cca-pbl.s3-website.ap-south-1.amazonaws.com"
          },
          "sensitive_attributes": [],
          "private": "bnVsbA==",
          "dependencies": [
            "module.s3_source_bucket.aws_s3_bucket.source_bucket"
          ]
        }
      ]
    }
  ],
  "check_results": null
}
